
Microsoft Visual Studio Solution File, Format Version 11.00
# Visual Studio 2010
Project("{FAE04EC0-301F-11D3-BF4B-00C04F79EFBC}") = "LibAPNG", "LibAPNG\LibAPNG.csproj", "{E268C9B4-BA1D-46D5-A730-F0B80E7C1485}"
EndProject
Project("{FAE04EC0-301F-11D3-BF4B-00C04F79EFBC}") = "LibAPNGTestSuite", "LibAPNGTestSuite\LibAPNGTestSuite.csproj", "{0CD0B1DD-3A98-4799-BBCC-AECC05165DF1}"
EndProject
Global
	GlobalSection(SolutionConfigurationPlatforms) = preSolution
		Debug|Any CPU = Debug|Any CPU
		Debug|Mixed Platforms = Debug|Mixed Platforms
		Debug|x86 = Debug|x86
		Release|Any CPU = Release|Any CPU
		Release|Mixed Platforms = Release|Mixed Platforms
		Release|x86 = Release|x86
	EndGlobalSection
	GlobalSection(ProjectConfigurationPlatforms) = postSolution
		{E268C9B4-BA1D-46D5-A730-F0B80E7C1485}.Debug|Any CPU.ActiveCfg = Debug|Any CPU
		{E268C9B4-BA1D-46D5-A730-F0B80E7C1485}.Debug|Any CPU.Build.0 = Debug|Any CPU
		{E268C9B4-BA1D-46D5-A730-F0B80E7C1485}.Debug|Mixed Platforms.ActiveCfg = Debug|Any CPU
		{E268C9B4-BA1D-46D5-A730-F0B80E7C1485}.Debug|Mixed Platforms.Build.0 = Debug|Any CPU
		{E268C9B4-BA1D-46D5-A730-F0B80E7C1485}.Debug|x86.ActiveCfg = Debug|Any CPU
		{E268C9B4-BA1D-46D5-A730-F0B80E7C1485}.Release|Any CPU.ActiveCfg = Release|Any CPU
		{E268C9B4-BA1D-46D5-A730-F0B80E7C1485}.Release|Any CPU.Build.0 = Release|Any CPU
		{E268C9B4-BA1D-46D5-A730-F0B80E7C1485}.Release|Mixed Platforms.ActiveCfg = Release|Any CPU
		{E268C9B4-BA1D-46D5-A730-F0B80E7C1485}.Release|Mixed Platforms.Build.0 = Release|Any CPU
		{E268C9B4-BA1D-46D5-A730-F0B80E7C1485}.Release|x86.ActiveCfg = Release|Any CPU
		{0CD0B1DD-3A98-4799-BBCC-AECC05165DF1}.Debug|Any CPU.ActiveCfg = Debug|x86
		{0CD0B1DD-3A98-4799-BBCC-AECC05165DF1}.Debug|Mixed Platforms.ActiveCfg = Debug|x86
		{0CD0B1DD-3A98-4799-BBCC-AECC05165DF1}.Debug|Mixed Platforms.Build.0 = Debug|x86
		{0CD0B1DD-3A98-4799-BBCC-AECC05165DF1}.Debug|x86.ActiveCfg = Debug|x86
		{0CD0B1DD-3A98-4799-BBCC-AECC05165DF1}.Debug|x86.Build.0 = Debug|x86
		{0CD0B1DD-3A98-4799-BBCC-AECC05165DF1}.Release|Any CPU.ActiveCfg = Release|x86
		{0CD0B1DD-3A98-4799-BBCC-AECC05165DF1}.Release|Mixed Platforms.ActiveCfg = Release|x86
		{0CD0B1DD-3A98-4799-BBCC-AECC05165DF1}.Release|Mixed Platforms.Build.0 = Release|x86
		{0CD0B1DD-3A98-4799-BBCC-AECC05165DF1}.Release|x86.ActiveCfg = Release|x86
		{0CD0B1DD-3A98-4799-BBCC-AECC05165DF1}.Release|x86.Build.0 = Release|x86
	EndGlobalSection
	GlobalSection(SolutionProperties) = preSolution
		HideSolutionNode = FALSE
	EndGlobalSection
EndGlobal
